
Microsoft Visual Studio Solution File, Format Version 12.00
Project("{FAE04EC0-301F-11D3-BF4B-00C04F79EFBC}") = "tv", "tv\tv.csproj", "{AEADA2A9-235E-43A2-9E4B-409E9CEDBC5A}"
EndProject
Project("{FAE04EC0-301F-11D3-BF4B-00C04F79EFBC}") = "tv_tests", "tv_tests\tv_tests.csproj", "{6082A09F-F44D-4A08-AFC6-1E94599DAB45}"
EndProject
Global
	GlobalSection(SolutionConfigurationPlatforms) = preSolution
		Debug|Any CPU = Debug|Any CPU
		Release|Any CPU = Release|Any CPU
	EndGlobalSection
	GlobalSection(ProjectConfigurationPlatforms) = postSolution
		{AEADA2A9-235E-43A2-9E4B-409E9CEDBC5A}.Debug|Any CPU.ActiveCfg = Debug|Any CPU
		{AEADA2A9-235E-43A2-9E4B-409E9CEDBC5A}.Debug|Any CPU.Build.0 = Debug|Any CPU
		{AEADA2A9-235E-43A2-9E4B-409E9CEDBC5A}.Release|Any CPU.ActiveCfg = Release|Any CPU
		{AEADA2A9-235E-43A2-9E4B-409E9CEDBC5A}.Release|Any CPU.Build.0 = Release|Any CPU
		{6082A09F-F44D-4A08-AFC6-1E94599DAB45}.Debug|Any CPU.ActiveCfg = Debug|Any CPU
		{6082A09F-F44D-4A08-AFC6-1E94599DAB45}.Debug|Any CPU.Build.0 = Debug|Any CPU
		{6082A09F-F44D-4A08-AFC6-1E94599DAB45}.Release|Any CPU.ActiveCfg = Release|Any CPU
		{6082A09F-F44D-4A08-AFC6-1E94599DAB45}.Release|Any CPU.Build.0 = Release|Any CPU
	EndGlobalSection
EndGlobal
